
Microsoft Visual Studio Solution File, Format Version 12.00
# Visual Studio Version 16
VisualStudioVersion = 25.0.1704.1
MinimumVisualStudioVersion = 10.0.40219.1
Project("{FAE04EC0-301F-11D3-BF4B-00C04F79EFBC}") = "CurrencyMapper", "CurrencyMapper\CurrencyMapper.csproj", "{61AD434B-C36F-425F-8B59-AECCC29C5C27}"
EndProject
Global
	GlobalSection(SolutionConfigurationPlatforms) = preSolution
		Debug|Any CPU = Debug|Any CPU
		Release|Any CPU = Release|Any CPU
	EndGlobalSection
	GlobalSection(ProjectConfigurationPlatforms) = postSolution
		{61AD434B-C36F-425F-8B59-AECCC29C5C27}.Debug|Any CPU.ActiveCfg = Debug|Any CPU
		{61AD434B-C36F-425F-8B59-AECCC29C5C27}.Debug|Any CPU.Build.0 = Debug|Any CPU
		{61AD434B-C36F-425F-8B59-AECCC29C5C27}.Release|Any CPU.ActiveCfg = Release|Any CPU
		{61AD434B-C36F-425F-8B59-AECCC29C5C27}.Release|Any CPU.Build.0 = Release|Any CPU
	EndGlobalSection
	GlobalSection(SolutionProperties) = preSolution
		HideSolutionNode = FALSE
	EndGlobalSection
	GlobalSection(ExtensibilityGlobals) = postSolution
		SolutionGuid = {BF19EFDA-1355-41AD-8E9B-0EB436B08712}
	EndGlobalSection
EndGlobal
